// !$*UTF8*$!
{
	archiveVersion = 1;
	classes = {
	};
	objectVersion = 50;
	objects = {

/* Begin PBXBuildFile section */
		1860207926A430A2000C9DDB /* HomeView.swift in Sources */ = {isa = PBXBuildFile; fileRef = 1860207826A430A2000C9DDB /* HomeView.swift */; };
		1860208026A4C272000C9DDB /* FilmModel.swift in Sources */ = {isa = PBXBuildFile; fileRef = 1860207F26A4C272000C9DDB /* FilmModel.swift */; };
		1860208226A9739A000C9DDB /* FilmDetailView.swift in Sources */ = {isa = PBXBuildFile; fileRef = 1860208126A9739A000C9DDB /* FilmDetailView.swift */; };
		1860208826ADF7DC000C9DDB /* HomeViewModel.swift in Sources */ = {isa = PBXBuildFile; fileRef = 1860208726ADF7DC000C9DDB /* HomeViewModel.swift */; };
		1860208B26AEB771000C9DDB /* UserNotifications.framework in Frameworks */ = {isa = PBXBuildFile; fileRef = 1860208A26AEB771000C9DDB /* UserNotifications.framework */; };
		1883412C26B3060900FAE199 /* VideoView.swift in Sources */ = {isa = PBXBuildFile; fileRef = 1883412B26B3060900FAE199 /* VideoView.swift */; };
		1883412F26B43A9900FAE199 /* UImageExtension.swift in Sources */ = {isa = PBXBuildFile; fileRef = 1883412E26B43A9900FAE199 /* UImageExtension.swift */; };
		1883413726B4868A00FAE199 /* FilmDetailViewModel.swift in Sources */ = {isa = PBXBuildFile; fileRef = 1883413626B4868A00FAE199 /* FilmDetailViewModel.swift */; };
		1891ED5926B700F700598B0F /* TrailerModel.swift in Sources */ = {isa = PBXBuildFile; fileRef = 1891ED5826B700F700598B0F /* TrailerModel.swift */; };
		1896E60C26A1E8CB00846C2F /* eiverApp.swift in Sources */ = {isa = PBXBuildFile; fileRef = 1896E60B26A1E8CB00846C2F /* eiverApp.swift */; };
		1896E61026A1E8CE00846C2F /* Assets.xcassets in Resources */ = {isa = PBXBuildFile; fileRef = 1896E60F26A1E8CE00846C2F /* Assets.xcassets */; };
		1896E61326A1E8CE00846C2F /* Preview Assets.xcassets in Resources */ = {isa = PBXBuildFile; fileRef = 1896E61226A1E8CE00846C2F /* Preview Assets.xcassets */; };
		1896E61E26A1E8CF00846C2F /* eiverTests.swift in Sources */ = {isa = PBXBuildFile; fileRef = 1896E61D26A1E8CF00846C2F /* eiverTests.swift */; };
		1896E62926A1E8CF00846C2F /* eiverUITests.swift in Sources */ = {isa = PBXBuildFile; fileRef = 1896E62826A1E8CF00846C2F /* eiverUITests.swift */; };
		5BBCD237476B595FF31444A6 /* Pods_eiver.framework in Frameworks */ = {isa = PBXBuildFile; fileRef = BB93A907F6CEBA6442578731 /* Pods_eiver.framework */; };
		5F3154F4CF62DED648EB0AF5 /* Pods_eiver_eiverUITests.framework in Frameworks */ = {isa = PBXBuildFile; fileRef = 9ED2B74F57707DF6DC37F47F /* Pods_eiver_eiverUITests.framework */; };
		DE6D8328D79063492B874EC8 /* Pods_eiverTests.framework in Frameworks */ = {isa = PBXBuildFile; fileRef = 4B3423A0D27CA3889CB2FCD8 /* Pods_eiverTests.framework */; };
/* End PBXBuildFile section */

/* Begin PBXContainerItemProxy section */
		1896E61A26A1E8CF00846C2F /* PBXContainerItemProxy */ = {
			isa = PBXContainerItemProxy;
			containerPortal = 1896E60026A1E8CB00846C2F /* Project object */;
			proxyType = 1;
			remoteGlobalIDString = 1896E60726A1E8CB00846C2F;
			remoteInfo = eiver;
		};
		1896E62526A1E8CF00846C2F /* PBXContainerItemProxy */ = {
			isa = PBXContainerItemProxy;
			containerPortal = 1896E60026A1E8CB00846C2F /* Project object */;
			proxyType = 1;
			remoteGlobalIDString = 1896E60726A1E8CB00846C2F;
			remoteInfo = eiver;
		};
/* End PBXContainerItemProxy section */

/* Begin PBXFileReference section */
		0EFC0C533A5FC072D76DFBEB /* Pods-eiverTests.release.xcconfig */ = {isa = PBXFileReference; includeInIndex = 1; lastKnownFileType = text.xcconfig; name = "Pods-eiverTests.release.xcconfig"; path = "Target Support Files/Pods-eiverTests/Pods-eiverTests.release.xcconfig"; sourceTree = "<group>"; };
		1860207826A430A2000C9DDB /* HomeView.swift */ = {isa = PBXFileReference; lastKnownFileType = sourcecode.swift; path = HomeView.swift; sourceTree = "<group>"; };
		1860207F26A4C272000C9DDB /* FilmModel.swift */ = {isa = PBXFileReference; lastKnownFileType = sourcecode.swift; path = FilmModel.swift; sourceTree = "<group>"; };
		1860208126A9739A000C9DDB /* FilmDetailView.swift */ = {isa = PBXFileReference; lastKnownFileType = sourcecode.swift; path = FilmDetailView.swift; sourceTree = "<group>"; };
		1860208726ADF7DC000C9DDB /* HomeViewModel.swift */ = {isa = PBXFileReference; lastKnownFileType = sourcecode.swift; path = HomeViewModel.swift; sourceTree = "<group>"; };
		1860208A26AEB771000C9DDB /* UserNotifications.framework */ = {isa = PBXFileReference; lastKnownFileType = wrapper.framework; name = UserNotifications.framework; path = System/Library/Frameworks/UserNotifications.framework; sourceTree = SDKROOT; };
		1883412B26B3060900FAE199 /* VideoView.swift */ = {isa = PBXFileReference; lastKnownFileType = sourcecode.swift; path = VideoView.swift; sourceTree = "<group>"; };
		1883412E26B43A9900FAE199 /* UImageExtension.swift */ = {isa = PBXFileReference; lastKnownFileType = sourcecode.swift; path = UImageExtension.swift; sourceTree = "<group>"; };
		1883413626B4868A00FAE199 /* FilmDetailViewModel.swift */ = {isa = PBXFileReference; lastKnownFileType = sourcecode.swift; path = FilmDetailViewModel.swift; sourceTree = "<group>"; };
		1891ED5826B700F700598B0F /* TrailerModel.swift */ = {isa = PBXFileReference; lastKnownFileType = sourcecode.swift; path = TrailerModel.swift; sourceTree = "<group>"; };
		1896E60826A1E8CB00846C2F /* eiver.app */ = {isa = PBXFileReference; explicitFileType = wrapper.application; includeInIndex = 0; path = eiver.app; sourceTree = BUILT_PRODUCTS_DIR; };
		1896E60B26A1E8CB00846C2F /* eiverApp.swift */ = {isa = PBXFileReference; lastKnownFileType = sourcecode.swift; path = eiverApp.swift; sourceTree = "<group>"; };
		1896E60F26A1E8CE00846C2F /* Assets.xcassets */ = {isa = PBXFileReference; lastKnownFileType = folder.assetcatalog; path = Assets.xcassets; sourceTree = "<group>"; };
		1896E61226A1E8CE00846C2F /* Preview Assets.xcassets */ = {isa = PBXFileReference; lastKnownFileType = folder.assetcatalog; path = "Preview Assets.xcassets"; sourceTree = "<group>"; };
		1896E61426A1E8CE00846C2F /* Info.plist */ = {isa = PBXFileReference; lastKnownFileType = text.plist.xml; path = Info.plist; sourceTree = "<group>"; };
		1896E61926A1E8CF00846C2F /* eiverTests.xctest */ = {isa = PBXFileReference; explicitFileType = wrapper.cfbundle; includeInIndex = 0; path = eiverTests.xctest; sourceTree = BUILT_PRODUCTS_DIR; };
		1896E61D26A1E8CF00846C2F /* eiverTests.swift */ = {isa = PBXFileReference; lastKnownFileType = sourcecode.swift; path = eiverTests.swift; sourceTree = "<group>"; };
		1896E61F26A1E8CF00846C2F /* Info.plist */ = {isa = PBXFileReference; lastKnownFileType = text.plist.xml; path = Info.plist; sourceTree = "<group>"; };
		1896E62426A1E8CF00846C2F /* eiverUITests.xctest */ = {isa = PBXFileReference; explicitFileType = wrapper.cfbundle; includeInIndex = 0; path = eiverUITests.xctest; sourceTree = BUILT_PRODUCTS_DIR; };
		1896E62826A1E8CF00846C2F /* eiverUITests.swift */ = {isa = PBXFileReference; lastKnownFileType = sourcecode.swift; path = eiverUITests.swift; sourceTree = "<group>"; };
		1896E62A26A1E8CF00846C2F /* Info.plist */ = {isa = PBXFileReference; lastKnownFileType = text.plist.xml; path = Info.plist; sourceTree = "<group>"; };
		4B3423A0D27CA3889CB2FCD8 /* Pods_eiverTests.framework */ = {isa = PBXFileReference; explicitFileType = wrapper.framework; includeInIndex = 0; path = Pods_eiverTests.framework; sourceTree = BUILT_PRODUCTS_DIR; };
		69FE72C02C633D0E5273F64C /* Pods-eiver-eiverUITests.debug.xcconfig */ = {isa = PBXFileReference; includeInIndex = 1; lastKnownFileType = text.xcconfig; name = "Pods-eiver-eiverUITests.debug.xcconfig"; path = "Target Support Files/Pods-eiver-eiverUITests/Pods-eiver-eiverUITests.debug.xcconfig"; sourceTree = "<group>"; };
		6E3743B605D9706B95C5FB36 /* Pods-eiverTests.debug.xcconfig */ = {isa = PBXFileReference; includeInIndex = 1; lastKnownFileType = text.xcconfig; name = "Pods-eiverTests.debug.xcconfig"; path = "Target Support Files/Pods-eiverTests/Pods-eiverTests.debug.xcconfig"; sourceTree = "<group>"; };
		9ED2B74F57707DF6DC37F47F /* Pods_eiver_eiverUITests.framework */ = {isa = PBXFileReference; explicitFileType = wrapper.framework; includeInIndex = 0; path = Pods_eiver_eiverUITests.framework; sourceTree = BUILT_PRODUCTS_DIR; };
		BB93A907F6CEBA6442578731 /* Pods_eiver.framework */ = {isa = PBXFileReference; explicitFileType = wrapper.framework; includeInIndex = 0; path = Pods_eiver.framework; sourceTree = BUILT_PRODUCTS_DIR; };
		BD8E806DE4AA4D31DE0F7B7C /* Pods-eiver.release.xcconfig */ = {isa = PBXFileReference; includeInIndex = 1; lastKnownFileType = text.xcconfig; name = "Pods-eiver.release.xcconfig"; path = "Target Support Files/Pods-eiver/Pods-eiver.release.xcconfig"; sourceTree = "<group>"; };
		EA39A4AA809277B8D9C2D8BD /* Pods-eiver-eiverUITests.release.xcconfig */ = {isa = PBXFileReference; includeInIndex = 1; lastKnownFileType = text.xcconfig; name = "Pods-eiver-eiverUITests.release.xcconfig"; path = "Target Support Files/Pods-eiver-eiverUITests/Pods-eiver-eiverUITests.release.xcconfig"; sourceTree = "<group>"; };
		F6453DE71EFAFBA74B9A21CA /* Pods-eiver.debug.xcconfig */ = {isa = PBXFileReference; includeInIndex = 1; lastKnownFileType = text.xcconfig; name = "Pods-eiver.debug.xcconfig"; path = "Target Support Files/Pods-eiver/Pods-eiver.debug.xcconfig"; sourceTree = "<group>"; };
/* End PBXFileReference section */

/* Begin PBXFrameworksBuildPhase section */
		1896E60526A1E8CB00846C2F /* Frameworks */ = {
			isa = PBXFrameworksBuildPhase;
			buildActionMask = 2147483647;
			files = (
				1860208B26AEB771000C9DDB /* UserNotifications.framework in Frameworks */,
				5BBCD237476B595FF31444A6 /* Pods_eiver.framework in Frameworks */,
			);
			runOnlyForDeploymentPostprocessing = 0;
		};
		1896E61626A1E8CF00846C2F /* Frameworks */ = {
			isa = PBXFrameworksBuildPhase;
			buildActionMask = 2147483647;
			files = (
				DE6D8328D79063492B874EC8 /* Pods_eiverTests.framework in Frameworks */,
			);
			runOnlyForDeploymentPostprocessing = 0;
		};
		1896E62126A1E8CF00846C2F /* Frameworks */ = {
			isa = PBXFrameworksBuildPhase;
			buildActionMask = 2147483647;
			files = (
				5F3154F4CF62DED648EB0AF5 /* Pods_eiver_eiverUITests.framework in Frameworks */,
			);
			runOnlyForDeploymentPostprocessing = 0;
		};
/* End PBXFrameworksBuildPhase section */

/* Begin PBXGroup section */
		1860207C26A4C253000C9DDB /* Model */ = {
			isa = PBXGroup;
			children = (
				1860207F26A4C272000C9DDB /* FilmModel.swift */,
				1891ED5826B700F700598B0F /* TrailerModel.swift */,
			);
			path = Model;
			sourceTree = "<group>";
		};
		1860208526ADF79B000C9DDB /* ViewModel */ = {
			isa = PBXGroup;
			children = (
				1860208726ADF7DC000C9DDB /* HomeViewModel.swift */,
				1883413626B4868A00FAE199 /* FilmDetailViewModel.swift */,
			);
			path = ViewModel;
			sourceTree = "<group>";
		};
		1860208626ADF7A7000C9DDB /* View */ = {
			isa = PBXGroup;
			children = (
				1860208126A9739A000C9DDB /* FilmDetailView.swift */,
				1860207826A430A2000C9DDB /* HomeView.swift */,
				1883412B26B3060900FAE199 /* VideoView.swift */,
			);
			path = View;
			sourceTree = "<group>";
		};
		1860208926AEB770000C9DDB /* Frameworks */ = {
			isa = PBXGroup;
			children = (
				1860208A26AEB771000C9DDB /* UserNotifications.framework */,
				BB93A907F6CEBA6442578731 /* Pods_eiver.framework */,
				9ED2B74F57707DF6DC37F47F /* Pods_eiver_eiverUITests.framework */,
				4B3423A0D27CA3889CB2FCD8 /* Pods_eiverTests.framework */,
			);
			name = Frameworks;
			sourceTree = "<group>";
		};
		1883412D26B4361100FAE199 /* Ressources */ = {
			isa = PBXGroup;
			children = (
				1883412E26B43A9900FAE199 /* UImageExtension.swift */,
			);
			path = Ressources;
			sourceTree = "<group>";
		};
		1896E5FF26A1E8CB00846C2F = {
			isa = PBXGroup;
			children = (
				1896E60A26A1E8CB00846C2F /* eiver */,
				1896E61C26A1E8CF00846C2F /* eiverTests */,
				1896E62726A1E8CF00846C2F /* eiverUITests */,
				1896E60926A1E8CB00846C2F /* Products */,
				1860208926AEB770000C9DDB /* Frameworks */,
				95FEAB09C7AE95D5C0A35400 /* Pods */,
			);
			sourceTree = "<group>";
		};
		1896E60926A1E8CB00846C2F /* Products */ = {
			isa = PBXGroup;
			children = (
				1896E60826A1E8CB00846C2F /* eiver.app */,
				1896E61926A1E8CF00846C2F /* eiverTests.xctest */,
				1896E62426A1E8CF00846C2F /* eiverUITests.xctest */,
			);
			name = Products;
			sourceTree = "<group>";
		};
		1896E60A26A1E8CB00846C2F /* eiver */ = {
			isa = PBXGroup;
			children = (
				1883412D26B4361100FAE199 /* Ressources */,
				1860208626ADF7A7000C9DDB /* View */,
				1860208526ADF79B000C9DDB /* ViewModel */,
				1860207C26A4C253000C9DDB /* Model */,
				1896E60B26A1E8CB00846C2F /* eiverApp.swift */,
				1896E60F26A1E8CE00846C2F /* Assets.xcassets */,
				1896E61426A1E8CE00846C2F /* Info.plist */,
				1896E61126A1E8CE00846C2F /* Preview Content */,
			);
			path = eiver;
			sourceTree = "<group>";
		};
		1896E61126A1E8CE00846C2F /* Preview Content */ = {
			isa = PBXGroup;
			children = (
				1896E61226A1E8CE00846C2F /* Preview Assets.xcassets */,
			);
			path = "Preview Content";
			sourceTree = "<group>";
		};
		1896E61C26A1E8CF00846C2F /* eiverTests */ = {
			isa = PBXGroup;
			children = (
				1896E61D26A1E8CF00846C2F /* eiverTests.swift */,
				1896E61F26A1E8CF00846C2F /* Info.plist */,
			);
			path = eiverTests;
			sourceTree = "<group>";
		};
		1896E62726A1E8CF00846C2F /* eiverUITests */ = {
			isa = PBXGroup;
			children = (
				1896E62826A1E8CF00846C2F /* eiverUITests.swift */,
				1896E62A26A1E8CF00846C2F /* Info.plist */,
			);
			path = eiverUITests;
			sourceTree = "<group>";
		};
		95FEAB09C7AE95D5C0A35400 /* Pods */ = {
			isa = PBXGroup;
			children = (
				F6453DE71EFAFBA74B9A21CA /* Pods-eiver.debug.xcconfig */,
				BD8E806DE4AA4D31DE0F7B7C /* Pods-eiver.release.xcconfig */,
				69FE72C02C633D0E5273F64C /* Pods-eiver-eiverUITests.debug.xcconfig */,
				EA39A4AA809277B8D9C2D8BD /* Pods-eiver-eiverUITests.release.xcconfig */,
				6E3743B605D9706B95C5FB36 /* Pods-eiverTests.debug.xcconfig */,
				0EFC0C533A5FC072D76DFBEB /* Pods-eiverTests.release.xcconfig */,
			);
			path = Pods;
			sourceTree = "<group>";
		};
/* End PBXGroup section */

/* Begin PBXNativeTarget section */
		1896E60726A1E8CB00846C2F /* eiver */ = {
			isa = PBXNativeTarget;
			buildConfigurationList = 1896E62D26A1E8CF00846C2F /* Build configuration list for PBXNativeTarget "eiver" */;
			buildPhases = (
				5309881A5B6EC2DFEC10E09C /* [CP] Check Pods Manifest.lock */,
				1896E60426A1E8CB00846C2F /* Sources */,
				1896E60526A1E8CB00846C2F /* Frameworks */,
				1896E60626A1E8CB00846C2F /* Resources */,
			);
			buildRules = (
			);
			dependencies = (
			);
			name = eiver;
			productName = eiver;
			productReference = 1896E60826A1E8CB00846C2F /* eiver.app */;
			productType = "com.apple.product-type.application";
		};
		1896E61826A1E8CF00846C2F /* eiverTests */ = {
			isa = PBXNativeTarget;
			buildConfigurationList = 1896E63026A1E8CF00846C2F /* Build configuration list for PBXNativeTarget "eiverTests" */;
			buildPhases = (
				959321B60859FDE7A8AD4BF6 /* [CP] Check Pods Manifest.lock */,
				1896E61526A1E8CF00846C2F /* Sources */,
				1896E61626A1E8CF00846C2F /* Frameworks */,
				1896E61726A1E8CF00846C2F /* Resources */,
			);
			buildRules = (
			);
			dependencies = (
				1896E61B26A1E8CF00846C2F /* PBXTargetDependency */,
			);
			name = eiverTests;
			productName = eiverTests;
			productReference = 1896E61926A1E8CF00846C2F /* eiverTests.xctest */;
			productType = "com.apple.product-type.bundle.unit-test";
		};
		1896E62326A1E8CF00846C2F /* eiverUITests */ = {
			isa = PBXNativeTarget;
			buildConfigurationList = 1896E63326A1E8CF00846C2F /* Build configuration list for PBXNativeTarget "eiverUITests" */;
			buildPhases = (
				371EAE59FAF9D2CD7F4C7303 /* [CP] Check Pods Manifest.lock */,
				1896E62026A1E8CF00846C2F /* Sources */,
				1896E62126A1E8CF00846C2F /* Frameworks */,
				1896E62226A1E8CF00846C2F /* Resources */,
			);
			buildRules = (
			);
			dependencies = (
				1896E62626A1E8CF00846C2F /* PBXTargetDependency */,
			);
			name = eiverUITests;
			productName = eiverUITests;
			productReference = 1896E62426A1E8CF00846C2F /* eiverUITests.xctest */;
			productType = "com.apple.product-type.bundle.ui-testing";
		};
/* End PBXNativeTarget section */

/* Begin PBXProject section */
		1896E60026A1E8CB00846C2F /* Project object */ = {
			isa = PBXProject;
			attributes = {
				LastSwiftUpdateCheck = 1250;
				LastUpgradeCheck = 1250;
				TargetAttributes = {
					1896E60726A1E8CB00846C2F = {
						CreatedOnToolsVersion = 12.5.1;
					};
					1896E61826A1E8CF00846C2F = {
						CreatedOnToolsVersion = 12.5.1;
						TestTargetID = 1896E60726A1E8CB00846C2F;
					};
					1896E62326A1E8CF00846C2F = {
						CreatedOnToolsVersion = 12.5.1;
						TestTargetID = 1896E60726A1E8CB00846C2F;
					};
				};
			};
			buildConfigurationList = 1896E60326A1E8CB00846C2F /* Build configuration list for PBXProject "eiver" */;
			compatibilityVersion = "Xcode 9.3";
			developmentRegion = en;
			hasScannedForEncodings = 0;
			knownRegions = (
				en,
				Base,
			);
			mainGroup = 1896E5FF26A1E8CB00846C2F;
			productRefGroup = 1896E60926A1E8CB00846C2F /* Products */;
			projectDirPath = "";
			projectRoot = "";
			targets = (
				1896E60726A1E8CB00846C2F /* eiver */,
				1896E61826A1E8CF00846C2F /* eiverTests */,
				1896E62326A1E8CF00846C2F /* eiverUITests */,
			);
		};
/* End PBXProject section */

/* Begin PBXResourcesBuildPhase section */
		1896E60626A1E8CB00846C2F /* Resources */ = {
			isa = PBXResourcesBuildPhase;
			buildActionMask = 2147483647;
			files = (
				1896E61326A1E8CE00846C2F /* Preview Assets.xcassets in Resources */,
				1896E61026A1E8CE00846C2F /* Assets.xcassets in Resources */,
			);
			runOnlyForDeploymentPostprocessing = 0;
		};
		1896E61726A1E8CF00846C2F /* Resources */ = {
			isa = PBXResourcesBuildPhase;
			buildActionMask = 2147483647;
			files = (
			);
			runOnlyForDeploymentPostprocessing = 0;
		};
		1896E62226A1E8CF00846C2F /* Resources */ = {
			isa = PBXResourcesBuildPhase;
			buildActionMask = 2147483647;
			files = (
			);
			runOnlyForDeploymentPostprocessing = 0;
		};
/* End PBXResourcesBuildPhase section */

/* Begin PBXShellScriptBuildPhase section */
		371EAE59FAF9D2CD7F4C7303 /* [CP] Check Pods Manifest.lock */ = {
			isa = PBXShellScriptBuildPhase;
			buildActionMask = 2147483647;
			files = (
			);
			inputFileListPaths = (
			);
			inputPaths = (
				"${PODS_PODFILE_DIR_PATH}/Podfile.lock",
				"${PODS_ROOT}/Manifest.lock",
			);
			name = "[CP] Check Pods Manifest.lock";
			outputFileListPaths = (
			);
			outputPaths = (
				"$(DERIVED_FILE_DIR)/Pods-eiver-eiverUITests-checkManifestLockResult.txt",
			);
			runOnlyForDeploymentPostprocessing = 0;
			shellPath = /bin/sh;
			shellScript = "diff \"${PODS_PODFILE_DIR_PATH}/Podfile.lock\" \"${PODS_ROOT}/Manifest.lock\" > /dev/null\nif [ $? != 0 ] ; then\n    # print error to STDERR\n    echo \"error: The sandbox is not in sync with the Podfile.lock. Run 'pod install' or update your CocoaPods installation.\" >&2\n    exit 1\nfi\n# This output is used by Xcode 'outputs' to avoid re-running this script phase.\necho \"SUCCESS\" > \"${SCRIPT_OUTPUT_FILE_0}\"\n";
			showEnvVarsInLog = 0;
		};
		5309881A5B6EC2DFEC10E09C /* [CP] Check Pods Manifest.lock */ = {
			isa = PBXShellScriptBuildPhase;
			buildActionMask = 2147483647;
			files = (
			);
			inputFileListPaths = (
			);
			inputPaths = (
				"${PODS_PODFILE_DIR_PATH}/Podfile.lock",
				"${PODS_ROOT}/Manifest.lock",
			);
			name = "[CP] Check Pods Manifest.lock";
			outputFileListPaths = (
			);
			outputPaths = (
				"$(DERIVED_FILE_DIR)/Pods-eiver-checkManifestLockResult.txt",
			);
			runOnlyForDeploymentPostprocessing = 0;
			shellPath = /bin/sh;
			shellScript = "diff \"${PODS_PODFILE_DIR_PATH}/Podfile.lock\" \"${PODS_ROOT}/Manifest.lock\" > /dev/null\nif [ $? != 0 ] ; then\n    # print error to STDERR\n    echo \"error: The sandbox is not in sync with the Podfile.lock. Run 'pod install' or update your CocoaPods installation.\" >&2\n    exit 1\nfi\n# This output is used by Xcode 'outputs' to avoid re-running this script phase.\necho \"SUCCESS\" > \"${SCRIPT_OUTPUT_FILE_0}\"\n";
			showEnvVarsInLog = 0;
		};
		959321B60859FDE7A8AD4BF6 /* [CP] Check Pods Manifest.lock */ = {
			isa = PBXShellScriptBuildPhase;
			buildActionMask = 2147483647;
			files = (
			);
			inputFileListPaths = (
			);
			inputPaths = (
				"${PODS_PODFILE_DIR_PATH}/Podfile.lock",
				"${PODS_ROOT}/Manifest.lock",
			);
			name = "[CP] Check Pods Manifest.lock";
			outputFileListPaths = (
			);
			outputPaths = (
				"$(DERIVED_FILE_DIR)/Pods-eiverTests-checkManifestLockResult.txt",
			);
			runOnlyForDeploymentPostprocessing = 0;
			shellPath = /bin/sh;
			shellScript = "diff \"${PODS_PODFILE_DIR_PATH}/Podfile.lock\" \"${PODS_ROOT}/Manifest.lock\" > /dev/null\nif [ $? != 0 ] ; then\n    # print error to STDERR\n    echo \"error: The sandbox is not in sync with the Podfile.lock. Run 'pod install' or update your CocoaPods installation.\" >&2\n    exit 1\nfi\n# This output is used by Xcode 'outputs' to avoid re-running this script phase.\necho \"SUCCESS\" > \"${SCRIPT_OUTPUT_FILE_0}\"\n";
			showEnvVarsInLog = 0;
		};
/* End PBXShellScriptBuildPhase section */

/* Begin PBXSourcesBuildPhase section */
		1896E60426A1E8CB00846C2F /* Sources */ = {
			isa = PBXSourcesBuildPhase;
			buildActionMask = 2147483647;
			files = (
				1883412C26B3060900FAE199 /* VideoView.swift in Sources */,
				1860208826ADF7DC000C9DDB /* HomeViewModel.swift in Sources */,
				1860208226A9739A000C9DDB /* FilmDetailView.swift in Sources */,
				1860208026A4C272000C9DDB /* FilmModel.swift in Sources */,
				1883412F26B43A9900FAE199 /* UImageExtension.swift in Sources */,
				1896E60C26A1E8CB00846C2F /* eiverApp.swift in Sources */,
				1891ED5926B700F700598B0F /* TrailerModel.swift in Sources */,
				1860207926A430A2000C9DDB /* HomeView.swift in Sources */,
				1883413726B4868A00FAE199 /* FilmDetailViewModel.swift in Sources */,
			);
			runOnlyForDeploymentPostprocessing = 0;
		};
		1896E61526A1E8CF00846C2F /* Sources */ = {
			isa = PBXSourcesBuildPhase;
			buildActionMask = 2147483647;
			files = (
				1896E61E26A1E8CF00846C2F /* eiverTests.swift in Sources */,
			);
			runOnlyForDeploymentPostprocessing = 0;
		};
		1896E62026A1E8CF00846C2F /* Sources */ = {
			isa = PBXSourcesBuildPhase;
			buildActionMask = 2147483647;
			files = (
				1896E62926A1E8CF00846C2F /* eiverUITests.swift in Sources */,
			);
			runOnlyForDeploymentPostprocessing = 0;
		};
/* End PBXSourcesBuildPhase section */

/* Begin PBXTargetDependency section */
		1896E61B26A1E8CF00846C2F /* PBXTargetDependency */ = {
			isa = PBXTargetDependency;
			target = 1896E60726A1E8CB00846C2F /* eiver */;
			targetProxy = 1896E61A26A1E8CF00846C2F /* PBXContainerItemProxy */;
		};
		1896E62626A1E8CF00846C2F /* PBXTargetDependency */ = {
			isa = PBXTargetDependency;
			target = 1896E60726A1E8CB00846C2F /* eiver */;
			targetProxy = 1896E62526A1E8CF00846C2F /* PBXContainerItemProxy */;
		};
/* End PBXTargetDependency section */

/* Begin XCBuildConfiguration section */
		1896E62B26A1E8CF00846C2F /* Debug */ = {
			isa = XCBuildConfiguration;
			buildSettings = {
				ALWAYS_SEARCH_USER_PATHS = NO;
				CLANG_ANALYZER_NONNULL = YES;
				CLANG_ANALYZER_NUMBER_OBJECT_CONVERSION = YES_AGGRESSIVE;
				CLANG_CXX_LANGUAGE_STANDARD = "gnu++14";
				CLANG_CXX_LIBRARY = "libc++";
				CLANG_ENABLE_MODULES = YES;
				CLANG_ENABLE_OBJC_ARC = YES;
				CLANG_ENABLE_OBJC_WEAK = YES;
				CLANG_WARN_BLOCK_CAPTURE_AUTORELEASING = YES;
				CLANG_WARN_BOOL_CONVERSION = YES;
				CLANG_WARN_COMMA = YES;
				CLANG_WARN_CONSTANT_CONVERSION = YES;
				CLANG_WARN_DEPRECATED_OBJC_IMPLEMENTATIONS = YES;
				CLANG_WARN_DIRECT_OBJC_ISA_USAGE = YES_ERROR;
				CLANG_WARN_DOCUMENTATION_COMMENTS = YES;
				CLANG_WARN_EMPTY_BODY = YES;
				CLANG_WARN_ENUM_CONVERSION = YES;
				CLANG_WARN_INFINITE_RECURSION = YES;
				CLANG_WARN_INT_CONVERSION = YES;
				CLANG_WARN_NON_LITERAL_NULL_CONVERSION = YES;
				CLANG_WARN_OBJC_IMPLICIT_RETAIN_SELF = YES;
				CLANG_WARN_OBJC_LITERAL_CONVERSION = YES;
				CLANG_WARN_OBJC_ROOT_CLASS = YES_ERROR;
				CLANG_WARN_QUOTED_INCLUDE_IN_FRAMEWORK_HEADER = YES;
				CLANG_WARN_RANGE_LOOP_ANALYSIS = YES;
				CLANG_WARN_STRICT_PROTOTYPES = YES;
				CLANG_WARN_SUSPICIOUS_MOVE = YES;
				CLANG_WARN_UNGUARDED_AVAILABILITY = YES_AGGRESSIVE;
				CLANG_WARN_UNREACHABLE_CODE = YES;
				CLANG_WARN__DUPLICATE_METHOD_MATCH = YES;
				COPY_PHASE_STRIP = NO;
				DEBUG_INFORMATION_FORMAT = dwarf;
				ENABLE_STRICT_OBJC_MSGSEND = YES;
				ENABLE_TESTABILITY = YES;
				GCC_C_LANGUAGE_STANDARD = gnu11;
				GCC_DYNAMIC_NO_PIC = NO;
				GCC_NO_COMMON_BLOCKS = YES;
				GCC_OPTIMIZATION_LEVEL = 0;
				GCC_PREPROCESSOR_DEFINITIONS = (
					"DEBUG=1",
					"$(inherited)",
				);
				GCC_WARN_64_TO_32_BIT_CONVERSION = YES;
				GCC_WARN_ABOUT_RETURN_TYPE = YES_ERROR;
				GCC_WARN_UNDECLARED_SELECTOR = YES;
				GCC_WARN_UNINITIALIZED_AUTOS = YES_AGGRESSIVE;
				GCC_WARN_UNUSED_FUNCTION = YES;
				GCC_WARN_UNUSED_VARIABLE = YES;
				IPHONEOS_DEPLOYMENT_TARGET = 14.5;
				MTL_ENABLE_DEBUG_INFO = INCLUDE_SOURCE;
				MTL_FAST_MATH = YES;
				ONLY_ACTIVE_ARCH = YES;
				SDKROOT = iphoneos;
				SWIFT_ACTIVE_COMPILATION_CONDITIONS = DEBUG;
				SWIFT_OPTIMIZATION_LEVEL = "-Onone";
			};
			name = Debug;
		};
		1896E62C26A1E8CF00846C2F /* Release */ = {
			isa = XCBuildConfiguration;
			buildSettings = {
				ALWAYS_SEARCH_USER_PATHS = NO;
				CLANG_ANALYZER_NONNULL = YES;
				CLANG_ANALYZER_NUMBER_OBJECT_CONVERSION = YES_AGGRESSIVE;
				CLANG_CXX_LANGUAGE_STANDARD = "gnu++14";
				CLANG_CXX_LIBRARY = "libc++";
				CLANG_ENABLE_MODULES = YES;
				CLANG_ENABLE_OBJC_ARC = YES;
				CLANG_ENABLE_OBJC_WEAK = YES;
				CLANG_WARN_BLOCK_CAPTURE_AUTORELEASING = YES;
				CLANG_WARN_BOOL_CONVERSION = YES;
				CLANG_WARN_COMMA = YES;
				CLANG_WARN_CONSTANT_CONVERSION = YES;
				CLANG_WARN_DEPRECATED_OBJC_IMPLEMENTATIONS = YES;
				CLANG_WARN_DIRECT_OBJC_ISA_USAGE = YES_ERROR;
				CLANG_WARN_DOCUMENTATION_COMMENTS = YES;
				CLANG_WARN_EMPTY_BODY = YES;
				CLANG_WARN_ENUM_CONVERSION = YES;
				CLANG_WARN_INFINITE_RECURSION = YES;
				CLANG_WARN_INT_CONVERSION = YES;
				CLANG_WARN_NON_LITERAL_NULL_CONVERSION = YES;
				CLANG_WARN_OBJC_IMPLICIT_RETAIN_SELF = YES;
				CLANG_WARN_OBJC_LITERAL_CONVERSION = YES;
				CLANG_WARN_OBJC_ROOT_CLASS = YES_ERROR;
				CLANG_WARN_QUOTED_INCLUDE_IN_FRAMEWORK_HEADER = YES;
				CLANG_WARN_RANGE_LOOP_ANALYSIS = YES;
				CLANG_WARN_STRICT_PROTOTYPES = YES;
				CLANG_WARN_SUSPICIOUS_MOVE = YES;
				CLANG_WARN_UNGUARDED_AVAILABILITY = YES_AGGRESSIVE;
				CLANG_WARN_UNREACHABLE_CODE = YES;
				CLANG_WARN__DUPLICATE_METHOD_MATCH = YES;
				COPY_PHASE_STRIP = NO;
				DEBUG_INFORMATION_FORMAT = "dwarf-with-dsym";
				ENABLE_NS_ASSERTIONS = NO;
				ENABLE_STRICT_OBJC_MSGSEND = YES;
				GCC_C_LANGUAGE_STANDARD = gnu11;
				GCC_NO_COMMON_BLOCKS = YES;
				GCC_WARN_64_TO_32_BIT_CONVERSION = YES;
				GCC_WARN_ABOUT_RETURN_TYPE = YES_ERROR;
				GCC_WARN_UNDECLARED_SELECTOR = YES;
				GCC_WARN_UNINITIALIZED_AUTOS = YES_AGGRESSIVE;
				GCC_WARN_UNUSED_FUNCTION = YES;
				GCC_WARN_UNUSED_VARIABLE = YES;
				IPHONEOS_DEPLOYMENT_TARGET = 14.5;
				MTL_ENABLE_DEBUG_INFO = NO;
				MTL_FAST_MATH = YES;
				SDKROOT = iphoneos;
				SWIFT_COMPILATION_MODE = wholemodule;
				SWIFT_OPTIMIZATION_LEVEL = "-O";
				VALIDATE_PRODUCT = YES;
			};
			name = Release;
		};
		1896E62E26A1E8CF00846C2F /* Debug */ = {
			isa = XCBuildConfiguration;
			baseConfigurationReference = F6453DE71EFAFBA74B9A21CA /* Pods-eiver.debug.xcconfig */;
			buildSettings = {
				ASSETCATALOG_COMPILER_APPICON_NAME = AppIcon;
				ASSETCATALOG_COMPILER_GLOBAL_ACCENT_COLOR_NAME = AccentColor;
				CODE_SIGN_STYLE = Automatic;
				DEVELOPMENT_ASSET_PATHS = "\"eiver/Preview Content\"";
				DEVELOPMENT_TEAM = FTHAC7S6RW;
				ENABLE_PREVIEWS = YES;
				INFOPLIST_FILE = eiver/Info.plist;
				IPHONEOS_DEPLOYMENT_TARGET = 14.1;
				LD_RUNPATH_SEARCH_PATHS = (
					"$(inherited)",
					"@executable_path/Frameworks",
				);
				PRODUCT_BUNDLE_IDENTIFIER = project.eiver;
				PRODUCT_NAME = "$(TARGET_NAME)";
				SWIFT_VERSION = 5.0;
				TARGETED_DEVICE_FAMILY = "1,2";
			};
			name = Debug;
		};
		1896E62F26A1E8CF00846C2F /* Release */ = {
			isa = XCBuildConfiguration;
			baseConfigurationReference = BD8E806DE4AA4D31DE0F7B7C /* Pods-eiver.release.xcconfig */;
			buildSettings = {
				ASSETCATALOG_COMPILER_APPICON_NAME = AppIcon;
				ASSETCATALOG_COMPILER_GLOBAL_ACCENT_COLOR_NAME = AccentColor;
				CODE_SIGN_STYLE = Automatic;
				DEVELOPMENT_ASSET_PATHS = "\"eiver/Preview Content\"";
				DEVELOPMENT_TEAM = FTHAC7S6RW;
				ENABLE_PREVIEWS = YES;
				INFOPLIST_FILE = eiver/Info.plist;
				IPHONEOS_DEPLOYMENT_TARGET = 14.1;
				LD_RUNPATH_SEARCH_PATHS = (
					"$(inherited)",
					"@executable_path/Frameworks",
				);
				PRODUCT_BUNDLE_IDENTIFIER = project.eiver;
				PRODUCT_NAME = "$(TARGET_NAME)";
				SWIFT_VERSION = 5.0;
				TARGETED_DEVICE_FAMILY = "1,2";
			};
			name = Release;
		};
		1896E63126A1E8CF00846C2F /* Debug */ = {
			isa = XCBuildConfiguration;
			baseConfigurationReference = 6E3743B605D9706B95C5FB36 /* Pods-eiverTests.debug.xcconfig */;
			buildSettings = {
				ALWAYS_EMBED_SWIFT_STANDARD_LIBRARIES = YES;
				BUNDLE_LOADER = "$(TEST_HOST)";
				CODE_SIGN_STYLE = Automatic;
				DEVELOPMENT_TEAM = FTHAC7S6RW;
				INFOPLIST_FILE = eiverTests/Info.plist;
				IPHONEOS_DEPLOYMENT_TARGET = 14.0;
				LD_RUNPATH_SEARCH_PATHS = (
					"$(inherited)",
					"@executable_path/Frameworks",
					"@loader_path/Frameworks",
				);
				PRODUCT_BUNDLE_IDENTIFIER = project.eiverTests;
				PRODUCT_NAME = "$(TARGET_NAME)";
				SWIFT_VERSION = 5.0;
				TARGETED_DEVICE_FAMILY = "1,2";
				TEST_HOST = "$(BUILT_PRODUCTS_DIR)/eiver.app/eiver";
			};
			name = Debug;
		};
		1896E63226A1E8CF00846C2F /* Release */ = {
			isa = XCBuildConfiguration;
			baseConfigurationReference = 0EFC0C533A5FC072D76DFBEB /* Pods-eiverTests.release.xcconfig */;
			buildSettings = {
				ALWAYS_EMBED_SWIFT_STANDARD_LIBRARIES = YES;
				BUNDLE_LOADER = "$(TEST_HOST)";
				CODE_SIGN_STYLE = Automatic;
				DEVELOPMENT_TEAM = FTHAC7S6RW;
				INFOPLIST_FILE = eiverTests/Info.plist;
				IPHONEOS_DEPLOYMENT_TARGET = 14.0;
				LD_RUNPATH_SEARCH_PATHS = (
					"$(inherited)",
					"@executable_path/Frameworks",
					"@loader_path/Frameworks",
				);
				PRODUCT_BUNDLE_IDENTIFIER = project.eiverTests;
				PRODUCT_NAME = "$(TARGET_NAME)";
				SWIFT_VERSION = 5.0;
				TARGETED_DEVICE_FAMILY = "1,2";
				TEST_HOST = "$(BUILT_PRODUCTS_DIR)/eiver.app/eiver";
			};
			name = Release;
		};
		1896E63426A1E8CF00846C2F /* Debug */ = {
			isa = XCBuildConfiguration;
			baseConfigurationReference = 69FE72C02C633D0E5273F64C /* Pods-eiver-eiverUITests.debug.xcconfig */;
			buildSettings = {
				ALWAYS_EMBED_SWIFT_STANDARD_LIBRARIES = YES;
				CODE_SIGN_STYLE = Automatic;
				DEVELOPMENT_TEAM = FTHAC7S6RW;
				INFOPLIST_FILE = eiverUITests/Info.plist;
				LD_RUNPATH_SEARCH_PATHS = (
					"$(inherited)",
					"@executable_path/Frameworks",
					"@loader_path/Frameworks",
				);
				PRODUCT_BUNDLE_IDENTIFIER = project.eiverUITests;
				PRODUCT_NAME = "$(TARGET_NAME)";
				SWIFT_VERSION = 5.0;
				TARGETED_DEVICE_FAMILY = "1,2";
				TEST_TARGET_NAME = eiver;
			};
			name = Debug;
		};
		1896E63526A1E8CF00846C2F /* Release */ = {
			isa = XCBuildConfiguration;
			baseConfigurationReference = EA39A4AA809277B8D9C2D8BD /* Pods-eiver-eiverUITests.release.xcconfig */;
			buildSettings = {
				ALWAYS_EMBED_SWIFT_STANDARD_LIBRARIES = YES;
				CODE_SIGN_STYLE = Automatic;
				DEVELOPMENT_TEAM = FTHAC7S6RW;
				INFOPLIST_FILE = eiverUITests/Info.plist;
				LD_RUNPATH_SEARCH_PATHS = (
					"$(inherited)",
					"@executable_path/Frameworks",
					"@loader_path/Frameworks",
				);
				PRODUCT_BUNDLE_IDENTIFIER = project.eiverUITests;
				PRODUCT_NAME = "$(TARGET_NAME)";
				SWIFT_VERSION = 5.0;
				TARGETED_DEVICE_FAMILY = "1,2";
				TEST_TARGET_NAME = eiver;
			};
			name = Release;
		};
/* End XCBuildConfiguration section */

/* Begin XCConfigurationList section */
		1896E60326A1E8CB00846C2F /* Build configuration list for PBXProject "eiver" */ = {
			isa = XCConfigurationList;
			buildConfigurations = (
				1896E62B26A1E8CF00846C2F /* Debug */,
				1896E62C26A1E8CF00846C2F /* Release */,
			);
			defaultConfigurationIsVisible = 0;
			defaultConfigurationName = Release;
		};
		1896E62D26A1E8CF00846C2F /* Build configuration list for PBXNativeTarget "eiver" */ = {
			isa = XCConfigurationList;
			buildConfigurations = (
				1896E62E26A1E8CF00846C2F /* Debug */,
				1896E62F26A1E8CF00846C2F /* Release */,
			);
			defaultConfigurationIsVisible = 0;
			defaultConfigurationName = Release;
		};
		1896E63026A1E8CF00846C2F /* Build configuration list for PBXNativeTarget "eiverTests" */ = {
			isa = XCConfigurationList;
			buildConfigurations = (
				1896E63126A1E8CF00846C2F /* Debug */,
				1896E63226A1E8CF00846C2F /* Release */,
			);
			defaultConfigurationIsVisible = 0;
			defaultConfigurationName = Release;
		};
		1896E63326A1E8CF00846C2F /* Build configuration list for PBXNativeTarget "eiverUITests" */ = {
			isa = XCConfigurationList;
			buildConfigurations = (
				1896E63426A1E8CF00846C2F /* Debug */,
				1896E63526A1E8CF00846C2F /* Release */,
			);
			defaultConfigurationIsVisible = 0;
			defaultConfigurationName = Release;
		};
/* End XCConfigurationList section */
	};
	rootObject = 1896E60026A1E8CB00846C2F /* Project object */;
}
